
Microsoft Visual Studio Solution File, Format Version 12.00
# Visual Studio Version 17
VisualStudioVersion = 17.1.32210.238
MinimumVisualStudioVersion = 10.0.40219.1
Project("{9A19103F-16F7-4668-BE54-9A1E7A4F7556}") = "Discway", "DISCway\Discway.csproj", "{1774784F-CCE6-4E1C-BB8D-5B71AF43EF51}"
EndProject
Project("{9A19103F-16F7-4668-BE54-9A1E7A4F7556}") = "Discway.Data", "DISCway.Data\Discway.Data.csproj", "{5613E40E-FB67-4229-92D4-9F8C269BE9D3}"
EndProject
Project("{9A19103F-16F7-4668-BE54-9A1E7A4F7556}") = "Discway.Utility", "Discway.Utility\Discway.Utility.csproj", "{C86234CB-EEB8-4D61-8477-523AF49B488A}"
EndProject
Global
	GlobalSection(SolutionConfigurationPlatforms) = preSolution
		Debug|Any CPU = Debug|Any CPU
		Release|Any CPU = Release|Any CPU
	EndGlobalSection
	GlobalSection(ProjectConfigurationPlatforms) = postSolution
		{1774784F-CCE6-4E1C-BB8D-5B71AF43EF51}.Debug|Any CPU.ActiveCfg = Debug|Any CPU
		{1774784F-CCE6-4E1C-BB8D-5B71AF43EF51}.Debug|Any CPU.Build.0 = Debug|Any CPU
		{1774784F-CCE6-4E1C-BB8D-5B71AF43EF51}.Release|Any CPU.ActiveCfg = Release|Any CPU
		{1774784F-CCE6-4E1C-BB8D-5B71AF43EF51}.Release|Any CPU.Build.0 = Release|Any CPU
		{5613E40E-FB67-4229-92D4-9F8C269BE9D3}.Debug|Any CPU.ActiveCfg = Debug|Any CPU
		{5613E40E-FB67-4229-92D4-9F8C269BE9D3}.Debug|Any CPU.Build.0 = Debug|Any CPU
		{5613E40E-FB67-4229-92D4-9F8C269BE9D3}.Release|Any CPU.ActiveCfg = Release|Any CPU
		{5613E40E-FB67-4229-92D4-9F8C269BE9D3}.Release|Any CPU.Build.0 = Release|Any CPU
		{C86234CB-EEB8-4D61-8477-523AF49B488A}.Debug|Any CPU.ActiveCfg = Debug|Any CPU
		{C86234CB-EEB8-4D61-8477-523AF49B488A}.Debug|Any CPU.Build.0 = Debug|Any CPU
		{C86234CB-EEB8-4D61-8477-523AF49B488A}.Release|Any CPU.ActiveCfg = Release|Any CPU
		{C86234CB-EEB8-4D61-8477-523AF49B488A}.Release|Any CPU.Build.0 = Release|Any CPU
	EndGlobalSection
	GlobalSection(SolutionProperties) = preSolution
		HideSolutionNode = FALSE
	EndGlobalSection
	GlobalSection(ExtensibilityGlobals) = postSolution
		SolutionGuid = {2FEEC876-BF6A-4AE4-B8CF-DB78ACC6FDCF}
	EndGlobalSection
EndGlobal
